
Microsoft Visual Studio Solution File, Format Version 12.00
# Visual Studio Version 17
VisualStudioVersion = 17.9.34622.214
MinimumVisualStudioVersion = 10.0.40219.1
Project("{FAE04EC0-301F-11D3-BF4B-00C04F79EFBC}") = "masa imc 2", "masa imc 2.csproj", "{80A54F1B-AB58-48D7-AF41-7E0FEF46F7A3}"
EndProject
Global
	GlobalSection(SolutionConfigurationPlatforms) = preSolution
		Debug|Any CPU = Debug|Any CPU
		Release|Any CPU = Release|Any CPU
	EndGlobalSection
	GlobalSection(ProjectConfigurationPlatforms) = postSolution
		{80A54F1B-AB58-48D7-AF41-7E0FEF46F7A3}.Debug|Any CPU.ActiveCfg = Debug|Any CPU
		{80A54F1B-AB58-48D7-AF41-7E0FEF46F7A3}.Debug|Any CPU.Build.0 = Debug|Any CPU
		{80A54F1B-AB58-48D7-AF41-7E0FEF46F7A3}.Release|Any CPU.ActiveCfg = Release|Any CPU
		{80A54F1B-AB58-48D7-AF41-7E0FEF46F7A3}.Release|Any CPU.Build.0 = Release|Any CPU
	EndGlobalSection
	GlobalSection(SolutionProperties) = preSolution
		HideSolutionNode = FALSE
	EndGlobalSection
	GlobalSection(ExtensibilityGlobals) = postSolution
		SolutionGuid = {C69A3FE1-7AAC-472E-BBF4-AC1BBC3C1719}
	EndGlobalSection
EndGlobal
