
Microsoft Visual Studio Solution File, Format Version 12.00
# Visual Studio Version 17
VisualStudioVersion = 17.9.34622.214
MinimumVisualStudioVersion = 10.0.40219.1
Project("{FAE04EC0-301F-11D3-BF4B-00C04F79EFBC}") = "calcular imc", "calcular imc.csproj", "{A0ECE99B-0F40-4A90-A1DB-EEF4260C56D6}"
EndProject
Global
	GlobalSection(SolutionConfigurationPlatforms) = preSolution
		Debug|Any CPU = Debug|Any CPU
		Release|Any CPU = Release|Any CPU
	EndGlobalSection
	GlobalSection(ProjectConfigurationPlatforms) = postSolution
		{A0ECE99B-0F40-4A90-A1DB-EEF4260C56D6}.Debug|Any CPU.ActiveCfg = Debug|Any CPU
		{A0ECE99B-0F40-4A90-A1DB-EEF4260C56D6}.Debug|Any CPU.Build.0 = Debug|Any CPU
		{A0ECE99B-0F40-4A90-A1DB-EEF4260C56D6}.Release|Any CPU.ActiveCfg = Release|Any CPU
		{A0ECE99B-0F40-4A90-A1DB-EEF4260C56D6}.Release|Any CPU.Build.0 = Release|Any CPU
	EndGlobalSection
	GlobalSection(SolutionProperties) = preSolution
		HideSolutionNode = FALSE
	EndGlobalSection
	GlobalSection(ExtensibilityGlobals) = postSolution
		SolutionGuid = {331127B0-2642-4F83-AEEA-28DA98246D68}
	EndGlobalSection
EndGlobal
