
Microsoft Visual Studio Solution File, Format Version 12.00
# Visual Studio Version 17
VisualStudioVersion = 17.9.34622.214
MinimumVisualStudioVersion = 10.0.40219.1
Project("{FAE04EC0-301F-11D3-BF4B-00C04F79EFBC}") = "contador de numero de tramos", "contador de numero de tramos.csproj", "{49876CA6-221A-46B1-BDAE-33DF48849E71}"
EndProject
Global
	GlobalSection(SolutionConfigurationPlatforms) = preSolution
		Debug|Any CPU = Debug|Any CPU
		Release|Any CPU = Release|Any CPU
	EndGlobalSection
	GlobalSection(ProjectConfigurationPlatforms) = postSolution
		{49876CA6-221A-46B1-BDAE-33DF48849E71}.Debug|Any CPU.ActiveCfg = Debug|Any CPU
		{49876CA6-221A-46B1-BDAE-33DF48849E71}.Debug|Any CPU.Build.0 = Debug|Any CPU
		{49876CA6-221A-46B1-BDAE-33DF48849E71}.Release|Any CPU.ActiveCfg = Release|Any CPU
		{49876CA6-221A-46B1-BDAE-33DF48849E71}.Release|Any CPU.Build.0 = Release|Any CPU
	EndGlobalSection
	GlobalSection(SolutionProperties) = preSolution
		HideSolutionNode = FALSE
	EndGlobalSection
	GlobalSection(ExtensibilityGlobals) = postSolution
		SolutionGuid = {1647DD31-5A6E-4A87-9DAA-F4E282F3EF12}
	EndGlobalSection
EndGlobal
